
Microsoft Visual Studio Solution File, Format Version 12.00
# Visual Studio 15
VisualStudioVersion = 15.0.28010.2041
MinimumVisualStudioVersion = 10.0.40219.1
Project("{FAE04EC0-301F-11D3-BF4B-00C04F79EFBC}") = "TranSubroCommissions", "TranSubroCommissions\TranSubroCommissions.csproj", "{257CFD20-F607-44FE-922E-A7FAD2A915F4}"
EndProject
Project("{FAE04EC0-301F-11D3-BF4B-00C04F79EFBC}") = "Transubro.CMS.API", "Transubro.CMS.API\Transubro.CMS.API.csproj", "{E1A95476-BB78-42D5-975D-B451EE789EBA}"
EndProject
Project("{FAE04EC0-301F-11D3-BF4B-00C04F79EFBC}") = "Transubro.CMS.Model", "Transubro.CMS.Model\Transubro.CMS.Model.csproj", "{17B9EF23-D7A0-4B14-BAD9-CA5DF5F1469E}"
EndProject
Project("{FAE04EC0-301F-11D3-BF4B-00C04F79EFBC}") = "Transubro.CMS.Integrations", "Transubro.CMS.Integrations\Transubro.CMS.Integrations.csproj", "{1BD96D06-DA49-44E6-A280-E4891B794A7A}"
EndProject
Project("{FAE04EC0-301F-11D3-BF4B-00C04F79EFBC}") = "QBXML.NET", "QBXML.NET\QBXML.NET.csproj", "{5F1061CB-D146-4D43-8907-6E0B333B20A7}"
EndProject
Global
	GlobalSection(SolutionConfigurationPlatforms) = preSolution
		Debug|Any CPU = Debug|Any CPU
		Release|Any CPU = Release|Any CPU
	EndGlobalSection
	GlobalSection(ProjectConfigurationPlatforms) = postSolution
		{257CFD20-F607-44FE-922E-A7FAD2A915F4}.Debug|Any CPU.ActiveCfg = Debug|Any CPU
		{257CFD20-F607-44FE-922E-A7FAD2A915F4}.Debug|Any CPU.Build.0 = Debug|Any CPU
		{257CFD20-F607-44FE-922E-A7FAD2A915F4}.Release|Any CPU.ActiveCfg = Release|Any CPU
		{257CFD20-F607-44FE-922E-A7FAD2A915F4}.Release|Any CPU.Build.0 = Release|Any CPU
		{E1A95476-BB78-42D5-975D-B451EE789EBA}.Debug|Any CPU.ActiveCfg = Debug|Any CPU
		{E1A95476-BB78-42D5-975D-B451EE789EBA}.Debug|Any CPU.Build.0 = Debug|Any CPU
		{E1A95476-BB78-42D5-975D-B451EE789EBA}.Release|Any CPU.ActiveCfg = Release|Any CPU
		{E1A95476-BB78-42D5-975D-B451EE789EBA}.Release|Any CPU.Build.0 = Release|Any CPU
		{17B9EF23-D7A0-4B14-BAD9-CA5DF5F1469E}.Debug|Any CPU.ActiveCfg = Debug|Any CPU
		{17B9EF23-D7A0-4B14-BAD9-CA5DF5F1469E}.Debug|Any CPU.Build.0 = Debug|Any CPU
		{17B9EF23-D7A0-4B14-BAD9-CA5DF5F1469E}.Release|Any CPU.ActiveCfg = Release|Any CPU
		{17B9EF23-D7A0-4B14-BAD9-CA5DF5F1469E}.Release|Any CPU.Build.0 = Release|Any CPU
		{1BD96D06-DA49-44E6-A280-E4891B794A7A}.Debug|Any CPU.ActiveCfg = Debug|Any CPU
		{1BD96D06-DA49-44E6-A280-E4891B794A7A}.Debug|Any CPU.Build.0 = Debug|Any CPU
		{1BD96D06-DA49-44E6-A280-E4891B794A7A}.Release|Any CPU.ActiveCfg = Release|Any CPU
		{1BD96D06-DA49-44E6-A280-E4891B794A7A}.Release|Any CPU.Build.0 = Release|Any CPU
		{5F1061CB-D146-4D43-8907-6E0B333B20A7}.Debug|Any CPU.ActiveCfg = Debug|Any CPU
		{5F1061CB-D146-4D43-8907-6E0B333B20A7}.Debug|Any CPU.Build.0 = Debug|Any CPU
		{5F1061CB-D146-4D43-8907-6E0B333B20A7}.Release|Any CPU.ActiveCfg = Release|Any CPU
		{5F1061CB-D146-4D43-8907-6E0B333B20A7}.Release|Any CPU.Build.0 = Release|Any CPU
	EndGlobalSection
	GlobalSection(SolutionProperties) = preSolution
		HideSolutionNode = FALSE
	EndGlobalSection
	GlobalSection(ExtensibilityGlobals) = postSolution
		SolutionGuid = {EDB096C8-CB99-4608-AF98-2740EF772E7F}
	EndGlobalSection
EndGlobal
